// !$*UTF8*$!
{
	archiveVersion = 1;
	classes = {
	};
	objectVersion = 46;
	objects = {

/* Begin PBXBuildFile section */
		547507C5ED0A410EC198CFBE /* Pods_Gotur.framework in Frameworks */ = {isa = PBXBuildFile; fileRef = A992AF81C813A17BD4627E05 /* Pods_Gotur.framework */; };
		6138CCDF8202A13B643E6E2D /* Pods_GoturUITests.framework in Frameworks */ = {isa = PBXBuildFile; fileRef = 242E822E4356887176BAD32E /* Pods_GoturUITests.framework */; };
		6875FEA120376CDB001706D6 /* MessengerVC.swift in Sources */ = {isa = PBXBuildFile; fileRef = 6875FEA020376CDB001706D6 /* MessengerVC.swift */; };
		6875FEA3203770E2001706D6 /* EntranceVC.swift in Sources */ = {isa = PBXBuildFile; fileRef = 6875FEA2203770E2001706D6 /* EntranceVC.swift */; };
		6875FEA82037760F001706D6 /* BaseButton.swift in Sources */ = {isa = PBXBuildFile; fileRef = 6875FEA72037760F001706D6 /* BaseButton.swift */; };
		EC01512C203766D8003025CF /* AppDelegate.swift in Sources */ = {isa = PBXBuildFile; fileRef = EC01512B203766D8003025CF /* AppDelegate.swift */; };
		EC015131203766D8003025CF /* Main.storyboard in Resources */ = {isa = PBXBuildFile; fileRef = EC01512F203766D8003025CF /* Main.storyboard */; };
		EC015134203766D8003025CF /* Gotur.xcdatamodeld in Sources */ = {isa = PBXBuildFile; fileRef = EC015132203766D8003025CF /* Gotur.xcdatamodeld */; };
		EC015136203766D8003025CF /* Assets.xcassets in Resources */ = {isa = PBXBuildFile; fileRef = EC015135203766D8003025CF /* Assets.xcassets */; };
		EC015139203766D8003025CF /* LaunchScreen.storyboard in Resources */ = {isa = PBXBuildFile; fileRef = EC015137203766D8003025CF /* LaunchScreen.storyboard */; };
		EC015144203766D8003025CF /* GoturTests.swift in Sources */ = {isa = PBXBuildFile; fileRef = EC015143203766D8003025CF /* GoturTests.swift */; };
		EC01514F203766D8003025CF /* GoturUITests.swift in Sources */ = {isa = PBXBuildFile; fileRef = EC01514E203766D8003025CF /* GoturUITests.swift */; };
		EC015160203766FF003025CF /* ViewHelper.swift in Sources */ = {isa = PBXBuildFile; fileRef = EC01515D203766FF003025CF /* ViewHelper.swift */; };
		EC015161203766FF003025CF /* BaseVC.swift in Sources */ = {isa = PBXBuildFile; fileRef = EC01515F203766FF003025CF /* BaseVC.swift */; };
		EC01516420377795003025CF /* UserPacketsVC.swift in Sources */ = {isa = PBXBuildFile; fileRef = EC01516320377795003025CF /* UserPacketsVC.swift */; };
		EFEC9DABCCD4896B2874BE51 /* Pods_GoturTests.framework in Frameworks */ = {isa = PBXBuildFile; fileRef = 6D2A76B020FE0CD92BBBCD19 /* Pods_GoturTests.framework */; };
/* End PBXBuildFile section */

/* Begin PBXContainerItemProxy section */
		EC015140203766D8003025CF /* PBXContainerItemProxy */ = {
			isa = PBXContainerItemProxy;
			containerPortal = EC015120203766D8003025CF /* Project object */;
			proxyType = 1;
			remoteGlobalIDString = EC015127203766D8003025CF;
			remoteInfo = Gotur;
		};
		EC01514B203766D8003025CF /* PBXContainerItemProxy */ = {
			isa = PBXContainerItemProxy;
			containerPortal = EC015120203766D8003025CF /* Project object */;
			proxyType = 1;
			remoteGlobalIDString = EC015127203766D8003025CF;
			remoteInfo = Gotur;
		};
/* End PBXContainerItemProxy section */

/* Begin PBXFileReference section */
		242E822E4356887176BAD32E /* Pods_GoturUITests.framework */ = {isa = PBXFileReference; explicitFileType = wrapper.framework; includeInIndex = 0; path = Pods_GoturUITests.framework; sourceTree = BUILT_PRODUCTS_DIR; };
		5553430FB71397977C7D49ED /* Pods-GoturTests.release.xcconfig */ = {isa = PBXFileReference; includeInIndex = 1; lastKnownFileType = text.xcconfig; name = "Pods-GoturTests.release.xcconfig"; path = "Pods/Target Support Files/Pods-GoturTests/Pods-GoturTests.release.xcconfig"; sourceTree = "<group>"; };
		6875FEA020376CDB001706D6 /* MessengerVC.swift */ = {isa = PBXFileReference; lastKnownFileType = sourcecode.swift; path = MessengerVC.swift; sourceTree = "<group>"; };
		6875FEA2203770E2001706D6 /* EntranceVC.swift */ = {isa = PBXFileReference; lastKnownFileType = sourcecode.swift; path = EntranceVC.swift; sourceTree = "<group>"; };
		6875FEA72037760F001706D6 /* BaseButton.swift */ = {isa = PBXFileReference; lastKnownFileType = sourcecode.swift; path = BaseButton.swift; sourceTree = "<group>"; };
		6D2A76B020FE0CD92BBBCD19 /* Pods_GoturTests.framework */ = {isa = PBXFileReference; explicitFileType = wrapper.framework; includeInIndex = 0; path = Pods_GoturTests.framework; sourceTree = BUILT_PRODUCTS_DIR; };
		70B98C94183924CB296A4D91 /* Pods-GoturTests.debug.xcconfig */ = {isa = PBXFileReference; includeInIndex = 1; lastKnownFileType = text.xcconfig; name = "Pods-GoturTests.debug.xcconfig"; path = "Pods/Target Support Files/Pods-GoturTests/Pods-GoturTests.debug.xcconfig"; sourceTree = "<group>"; };
		7A9124AC26E81AB9A561EF28 /* Pods-Gotur.debug.xcconfig */ = {isa = PBXFileReference; includeInIndex = 1; lastKnownFileType = text.xcconfig; name = "Pods-Gotur.debug.xcconfig"; path = "Pods/Target Support Files/Pods-Gotur/Pods-Gotur.debug.xcconfig"; sourceTree = "<group>"; };
		97F47CBF5D3489511506C003 /* Pods-GoturUITests.release.xcconfig */ = {isa = PBXFileReference; includeInIndex = 1; lastKnownFileType = text.xcconfig; name = "Pods-GoturUITests.release.xcconfig"; path = "Pods/Target Support Files/Pods-GoturUITests/Pods-GoturUITests.release.xcconfig"; sourceTree = "<group>"; };
		A992AF81C813A17BD4627E05 /* Pods_Gotur.framework */ = {isa = PBXFileReference; explicitFileType = wrapper.framework; includeInIndex = 0; path = Pods_Gotur.framework; sourceTree = BUILT_PRODUCTS_DIR; };
		CB8DF95A950EBD837F6229D2 /* Pods-GoturUITests.debug.xcconfig */ = {isa = PBXFileReference; includeInIndex = 1; lastKnownFileType = text.xcconfig; name = "Pods-GoturUITests.debug.xcconfig"; path = "Pods/Target Support Files/Pods-GoturUITests/Pods-GoturUITests.debug.xcconfig"; sourceTree = "<group>"; };
		D55F4E0BEDA76EF3C053F880 /* Pods-Gotur.release.xcconfig */ = {isa = PBXFileReference; includeInIndex = 1; lastKnownFileType = text.xcconfig; name = "Pods-Gotur.release.xcconfig"; path = "Pods/Target Support Files/Pods-Gotur/Pods-Gotur.release.xcconfig"; sourceTree = "<group>"; };
		EC015128203766D8003025CF /* Gotur.app */ = {isa = PBXFileReference; explicitFileType = wrapper.application; includeInIndex = 0; path = Gotur.app; sourceTree = BUILT_PRODUCTS_DIR; };
		EC01512B203766D8003025CF /* AppDelegate.swift */ = {isa = PBXFileReference; lastKnownFileType = sourcecode.swift; path = AppDelegate.swift; sourceTree = "<group>"; };
		EC015130203766D8003025CF /* Base */ = {isa = PBXFileReference; lastKnownFileType = file.storyboard; name = Base; path = Base.lproj/Main.storyboard; sourceTree = "<group>"; };
		EC015133203766D8003025CF /* Gotur.xcdatamodel */ = {isa = PBXFileReference; lastKnownFileType = wrapper.xcdatamodel; path = Gotur.xcdatamodel; sourceTree = "<group>"; };
		EC015135203766D8003025CF /* Assets.xcassets */ = {isa = PBXFileReference; lastKnownFileType = folder.assetcatalog; path = Assets.xcassets; sourceTree = "<group>"; };
		EC015138203766D8003025CF /* Base */ = {isa = PBXFileReference; lastKnownFileType = file.storyboard; name = Base; path = Base.lproj/LaunchScreen.storyboard; sourceTree = "<group>"; };
		EC01513A203766D8003025CF /* Info.plist */ = {isa = PBXFileReference; lastKnownFileType = text.plist.xml; path = Info.plist; sourceTree = "<group>"; };
		EC01513F203766D8003025CF /* GoturTests.xctest */ = {isa = PBXFileReference; explicitFileType = wrapper.cfbundle; includeInIndex = 0; path = GoturTests.xctest; sourceTree = BUILT_PRODUCTS_DIR; };
		EC015143203766D8003025CF /* GoturTests.swift */ = {isa = PBXFileReference; lastKnownFileType = sourcecode.swift; path = GoturTests.swift; sourceTree = "<group>"; };
		EC015145203766D8003025CF /* Info.plist */ = {isa = PBXFileReference; lastKnownFileType = text.plist.xml; path = Info.plist; sourceTree = "<group>"; };
		EC01514A203766D8003025CF /* GoturUITests.xctest */ = {isa = PBXFileReference; explicitFileType = wrapper.cfbundle; includeInIndex = 0; path = GoturUITests.xctest; sourceTree = BUILT_PRODUCTS_DIR; };
		EC01514E203766D8003025CF /* GoturUITests.swift */ = {isa = PBXFileReference; lastKnownFileType = sourcecode.swift; path = GoturUITests.swift; sourceTree = "<group>"; };
		EC015150203766D8003025CF /* Info.plist */ = {isa = PBXFileReference; lastKnownFileType = text.plist.xml; path = Info.plist; sourceTree = "<group>"; };
		EC01515D203766FF003025CF /* ViewHelper.swift */ = {isa = PBXFileReference; fileEncoding = 4; lastKnownFileType = sourcecode.swift; path = ViewHelper.swift; sourceTree = "<group>"; };
		EC01515F203766FF003025CF /* BaseVC.swift */ = {isa = PBXFileReference; fileEncoding = 4; lastKnownFileType = sourcecode.swift; path = BaseVC.swift; sourceTree = "<group>"; };
		EC01516320377795003025CF /* UserPacketsVC.swift */ = {isa = PBXFileReference; fileEncoding = 4; lastKnownFileType = sourcecode.swift; path = UserPacketsVC.swift; sourceTree = "<group>"; };
/* End PBXFileReference section */

/* Begin PBXFrameworksBuildPhase section */
		EC015125203766D8003025CF /* Frameworks */ = {
			isa = PBXFrameworksBuildPhase;
			buildActionMask = 2147483647;
			files = (
				547507C5ED0A410EC198CFBE /* Pods_Gotur.framework in Frameworks */,
			);
			runOnlyForDeploymentPostprocessing = 0;
		};
		EC01513C203766D8003025CF /* Frameworks */ = {
			isa = PBXFrameworksBuildPhase;
			buildActionMask = 2147483647;
			files = (
				EFEC9DABCCD4896B2874BE51 /* Pods_GoturTests.framework in Frameworks */,
			);
			runOnlyForDeploymentPostprocessing = 0;
		};
		EC015147203766D8003025CF /* Frameworks */ = {
			isa = PBXFrameworksBuildPhase;
			buildActionMask = 2147483647;
			files = (
				6138CCDF8202A13B643E6E2D /* Pods_GoturUITests.framework in Frameworks */,
			);
			runOnlyForDeploymentPostprocessing = 0;
		};
/* End PBXFrameworksBuildPhase section */

/* Begin PBXGroup section */
		55EC591949B2EF2BDEACDA9A /* Frameworks */ = {
			isa = PBXGroup;
			children = (
				A992AF81C813A17BD4627E05 /* Pods_Gotur.framework */,
				6D2A76B020FE0CD92BBBCD19 /* Pods_GoturTests.framework */,
				242E822E4356887176BAD32E /* Pods_GoturUITests.framework */,
			);
			name = Frameworks;
			sourceTree = "<group>";
		};
		B594B9A883C0B3381D32D3DF /* Pods */ = {
			isa = PBXGroup;
			children = (
				7A9124AC26E81AB9A561EF28 /* Pods-Gotur.debug.xcconfig */,
				D55F4E0BEDA76EF3C053F880 /* Pods-Gotur.release.xcconfig */,
				70B98C94183924CB296A4D91 /* Pods-GoturTests.debug.xcconfig */,
				5553430FB71397977C7D49ED /* Pods-GoturTests.release.xcconfig */,
				CB8DF95A950EBD837F6229D2 /* Pods-GoturUITests.debug.xcconfig */,
				97F47CBF5D3489511506C003 /* Pods-GoturUITests.release.xcconfig */,
			);
			name = Pods;
			sourceTree = "<group>";
		};
		EC01511F203766D8003025CF = {
			isa = PBXGroup;
			children = (
				EC01512A203766D8003025CF /* Gotur */,
				EC015142203766D8003025CF /* GoturTests */,
				EC01514D203766D8003025CF /* GoturUITests */,
				EC015129203766D8003025CF /* Products */,
				B594B9A883C0B3381D32D3DF /* Pods */,
				55EC591949B2EF2BDEACDA9A /* Frameworks */,
			);
			sourceTree = "<group>";
		};
		EC015129203766D8003025CF /* Products */ = {
			isa = PBXGroup;
			children = (
				EC015128203766D8003025CF /* Gotur.app */,
				EC01513F203766D8003025CF /* GoturTests.xctest */,
				EC01514A203766D8003025CF /* GoturUITests.xctest */,
			);
			name = Products;
			sourceTree = "<group>";
		};
		EC01512A203766D8003025CF /* Gotur */ = {
			isa = PBXGroup;
			children = (
				EC01516220376738003025CF /* Views */,
				EC01515C203766FF003025CF /* Extensions */,
				EC01515E203766FF003025CF /* Controllers */,
				EC01512B203766D8003025CF /* AppDelegate.swift */,
				EC01512F203766D8003025CF /* Main.storyboard */,
				EC015135203766D8003025CF /* Assets.xcassets */,
				EC015137203766D8003025CF /* LaunchScreen.storyboard */,
				EC01513A203766D8003025CF /* Info.plist */,
				EC015132203766D8003025CF /* Gotur.xcdatamodeld */,
			);
			path = Gotur;
			sourceTree = "<group>";
		};
		EC015142203766D8003025CF /* GoturTests */ = {
			isa = PBXGroup;
			children = (
				EC015143203766D8003025CF /* GoturTests.swift */,
				EC015145203766D8003025CF /* Info.plist */,
			);
			path = GoturTests;
			sourceTree = "<group>";
		};
		EC01514D203766D8003025CF /* GoturUITests */ = {
			isa = PBXGroup;
			children = (
				EC01514E203766D8003025CF /* GoturUITests.swift */,
				EC015150203766D8003025CF /* Info.plist */,
			);
			path = GoturUITests;
			sourceTree = "<group>";
		};
		EC01515C203766FF003025CF /* Extensions */ = {
			isa = PBXGroup;
			children = (
				EC01515D203766FF003025CF /* ViewHelper.swift */,
			);
			path = Extensions;
			sourceTree = "<group>";
		};
		EC01515E203766FF003025CF /* Controllers */ = {
			isa = PBXGroup;
			children = (
				EC01515F203766FF003025CF /* BaseVC.swift */,
				6875FEA020376CDB001706D6 /* MessengerVC.swift */,
				6875FEA2203770E2001706D6 /* EntranceVC.swift */,
				EC01516320377795003025CF /* UserPacketsVC.swift */,
			);
			path = Controllers;
			sourceTree = "<group>";
		};
		EC01516220376738003025CF /* Views */ = {
			isa = PBXGroup;
			children = (
				6875FEA72037760F001706D6 /* BaseButton.swift */,
			);
			name = Views;
			sourceTree = "<group>";
		};
/* End PBXGroup section */

/* Begin PBXNativeTarget section */
		EC015127203766D8003025CF /* Gotur */ = {
			isa = PBXNativeTarget;
			buildConfigurationList = EC015153203766D8003025CF /* Build configuration list for PBXNativeTarget "Gotur" */;
			buildPhases = (
				69D81367D9D9BE9149784BC3 /* [CP] Check Pods Manifest.lock */,
				EC015124203766D8003025CF /* Sources */,
				EC015125203766D8003025CF /* Frameworks */,
				EC015126203766D8003025CF /* Resources */,
				B9C49FB2E7874CA6477BB1A1 /* [CP] Embed Pods Frameworks */,
				B9373926D12A4D808DFCA7FF /* [CP] Copy Pods Resources */,
			);
			buildRules = (
			);
			dependencies = (
			);
			name = Gotur;
			productName = Gotur;
			productReference = EC015128203766D8003025CF /* Gotur.app */;
			productType = "com.apple.product-type.application";
		};
		EC01513E203766D8003025CF /* GoturTests */ = {
			isa = PBXNativeTarget;
			buildConfigurationList = EC015156203766D8003025CF /* Build configuration list for PBXNativeTarget "GoturTests" */;
			buildPhases = (
				E7A221654A872FC0A31FC8A4 /* [CP] Check Pods Manifest.lock */,
				EC01513B203766D8003025CF /* Sources */,
				EC01513C203766D8003025CF /* Frameworks */,
				EC01513D203766D8003025CF /* Resources */,
				3DF8FBAE350D8BEF305518B6 /* [CP] Embed Pods Frameworks */,
				D6ECE10FD1BA0F46A7B33A80 /* [CP] Copy Pods Resources */,
			);
			buildRules = (
			);
			dependencies = (
				EC015141203766D8003025CF /* PBXTargetDependency */,
			);
			name = GoturTests;
			productName = GoturTests;
			productReference = EC01513F203766D8003025CF /* GoturTests.xctest */;
			productType = "com.apple.product-type.bundle.unit-test";
		};
		EC015149203766D8003025CF /* GoturUITests */ = {
			isa = PBXNativeTarget;
			buildConfigurationList = EC015159203766D8003025CF /* Build configuration list for PBXNativeTarget "GoturUITests" */;
			buildPhases = (
				61EA505B65FB92B147DFE07D /* [CP] Check Pods Manifest.lock */,
				EC015146203766D8003025CF /* Sources */,
				EC015147203766D8003025CF /* Frameworks */,
				EC015148203766D8003025CF /* Resources */,
				0BE3256EAC85FBC5266A7ECE /* [CP] Embed Pods Frameworks */,
				B3CAB7389F1AB0118B17939C /* [CP] Copy Pods Resources */,
			);
			buildRules = (
			);
			dependencies = (
				EC01514C203766D8003025CF /* PBXTargetDependency */,
			);
			name = GoturUITests;
			productName = GoturUITests;
			productReference = EC01514A203766D8003025CF /* GoturUITests.xctest */;
			productType = "com.apple.product-type.bundle.ui-testing";
		};
/* End PBXNativeTarget section */

/* Begin PBXProject section */
		EC015120203766D8003025CF /* Project object */ = {
			isa = PBXProject;
			attributes = {
				LastSwiftUpdateCheck = 0830;
				LastUpgradeCheck = 0920;
				ORGANIZATIONNAME = "DDosJS-Attack";
				TargetAttributes = {
					EC015127203766D8003025CF = {
						CreatedOnToolsVersion = 8.3.3;
						DevelopmentTeam = V6KFG398S6;
						LastSwiftMigration = 0920;
						ProvisioningStyle = Automatic;
					};
					EC01513E203766D8003025CF = {
						CreatedOnToolsVersion = 8.3.3;
						DevelopmentTeam = V6KFG398S6;
						LastSwiftMigration = 0920;
						ProvisioningStyle = Automatic;
						TestTargetID = EC015127203766D8003025CF;
					};
					EC015149203766D8003025CF = {
						CreatedOnToolsVersion = 8.3.3;
						DevelopmentTeam = V6KFG398S6;
						LastSwiftMigration = 0920;
						ProvisioningStyle = Automatic;
						TestTargetID = EC015127203766D8003025CF;
					};
				};
			};
			buildConfigurationList = EC015123203766D8003025CF /* Build configuration list for PBXProject "Gotur" */;
			compatibilityVersion = "Xcode 3.2";
			developmentRegion = English;
			hasScannedForEncodings = 0;
			knownRegions = (
				en,
				Base,
			);
			mainGroup = EC01511F203766D8003025CF;
			productRefGroup = EC015129203766D8003025CF /* Products */;
			projectDirPath = "";
			projectRoot = "";
			targets = (
				EC015127203766D8003025CF /* Gotur */,
				EC01513E203766D8003025CF /* GoturTests */,
				EC015149203766D8003025CF /* GoturUITests */,
			);
		};
/* End PBXProject section */

/* Begin PBXResourcesBuildPhase section */
		EC015126203766D8003025CF /* Resources */ = {
			isa = PBXResourcesBuildPhase;
			buildActionMask = 2147483647;
			files = (
				EC015139203766D8003025CF /* LaunchScreen.storyboard in Resources */,
				EC015136203766D8003025CF /* Assets.xcassets in Resources */,
				EC015131203766D8003025CF /* Main.storyboard in Resources */,
			);
			runOnlyForDeploymentPostprocessing = 0;
		};
		EC01513D203766D8003025CF /* Resources */ = {
			isa = PBXResourcesBuildPhase;
			buildActionMask = 2147483647;
			files = (
			);
			runOnlyForDeploymentPostprocessing = 0;
		};
		EC015148203766D8003025CF /* Resources */ = {
			isa = PBXResourcesBuildPhase;
			buildActionMask = 2147483647;
			files = (
			);
			runOnlyForDeploymentPostprocessing = 0;
		};
/* End PBXResourcesBuildPhase section */

/* Begin PBXShellScriptBuildPhase section */
		0BE3256EAC85FBC5266A7ECE /* [CP] Embed Pods Frameworks */ = {
			isa = PBXShellScriptBuildPhase;
			buildActionMask = 2147483647;
			files = (
			);
			inputPaths = (
			);
			name = "[CP] Embed Pods Frameworks";
			outputPaths = (
			);
			runOnlyForDeploymentPostprocessing = 0;
			shellPath = /bin/sh;
			shellScript = "\"${SRCROOT}/Pods/Target Support Files/Pods-GoturUITests/Pods-GoturUITests-frameworks.sh\"\n";
			showEnvVarsInLog = 0;
		};
		3DF8FBAE350D8BEF305518B6 /* [CP] Embed Pods Frameworks */ = {
			isa = PBXShellScriptBuildPhase;
			buildActionMask = 2147483647;
			files = (
			);
			inputPaths = (
			);
			name = "[CP] Embed Pods Frameworks";
			outputPaths = (
			);
			runOnlyForDeploymentPostprocessing = 0;
			shellPath = /bin/sh;
			shellScript = "\"${SRCROOT}/Pods/Target Support Files/Pods-GoturTests/Pods-GoturTests-frameworks.sh\"\n";
			showEnvVarsInLog = 0;
		};
		61EA505B65FB92B147DFE07D /* [CP] Check Pods Manifest.lock */ = {
			isa = PBXShellScriptBuildPhase;
			buildActionMask = 2147483647;
			files = (
			);
			inputPaths = (
				"${PODS_PODFILE_DIR_PATH}/Podfile.lock",
				"${PODS_ROOT}/Manifest.lock",
			);
			name = "[CP] Check Pods Manifest.lock";
			outputPaths = (
				"$(DERIVED_FILE_DIR)/Pods-GoturUITests-checkManifestLockResult.txt",
			);
			runOnlyForDeploymentPostprocessing = 0;
			shellPath = /bin/sh;
			shellScript = "diff \"${PODS_PODFILE_DIR_PATH}/Podfile.lock\" \"${PODS_ROOT}/Manifest.lock\" > /dev/null\nif [ $? != 0 ] ; then\n    # print error to STDERR\n    echo \"error: The sandbox is not in sync with the Podfile.lock. Run 'pod install' or update your CocoaPods installation.\" >&2\n    exit 1\nfi\n# This output is used by Xcode 'outputs' to avoid re-running this script phase.\necho \"SUCCESS\" > \"${SCRIPT_OUTPUT_FILE_0}\"\n";
			showEnvVarsInLog = 0;
		};
		69D81367D9D9BE9149784BC3 /* [CP] Check Pods Manifest.lock */ = {
			isa = PBXShellScriptBuildPhase;
			buildActionMask = 2147483647;
			files = (
			);
			inputPaths = (
				"${PODS_PODFILE_DIR_PATH}/Podfile.lock",
				"${PODS_ROOT}/Manifest.lock",
			);
			name = "[CP] Check Pods Manifest.lock";
			outputPaths = (
				"$(DERIVED_FILE_DIR)/Pods-Gotur-checkManifestLockResult.txt",
			);
			runOnlyForDeploymentPostprocessing = 0;
			shellPath = /bin/sh;
			shellScript = "diff \"${PODS_PODFILE_DIR_PATH}/Podfile.lock\" \"${PODS_ROOT}/Manifest.lock\" > /dev/null\nif [ $? != 0 ] ; then\n    # print error to STDERR\n    echo \"error: The sandbox is not in sync with the Podfile.lock. Run 'pod install' or update your CocoaPods installation.\" >&2\n    exit 1\nfi\n# This output is used by Xcode 'outputs' to avoid re-running this script phase.\necho \"SUCCESS\" > \"${SCRIPT_OUTPUT_FILE_0}\"\n";
			showEnvVarsInLog = 0;
		};
		B3CAB7389F1AB0118B17939C /* [CP] Copy Pods Resources */ = {
			isa = PBXShellScriptBuildPhase;
			buildActionMask = 2147483647;
			files = (
			);
			inputPaths = (
			);
			name = "[CP] Copy Pods Resources";
			outputPaths = (
			);
			runOnlyForDeploymentPostprocessing = 0;
			shellPath = /bin/sh;
			shellScript = "\"${SRCROOT}/Pods/Target Support Files/Pods-GoturUITests/Pods-GoturUITests-resources.sh\"\n";
			showEnvVarsInLog = 0;
		};
		B9373926D12A4D808DFCA7FF /* [CP] Copy Pods Resources */ = {
			isa = PBXShellScriptBuildPhase;
			buildActionMask = 2147483647;
			files = (
			);
			inputPaths = (
				"${SRCROOT}/Pods/Target Support Files/Pods-Gotur/Pods-Gotur-resources.sh",
				"${PODS_ROOT}/GoogleMaps/Maps/Frameworks/GoogleMaps.framework/Resources/GoogleMaps.bundle",
			);
			name = "[CP] Copy Pods Resources";
			outputPaths = (
				"${TARGET_BUILD_DIR}/${UNLOCALIZED_RESOURCES_FOLDER_PATH}/GoogleMaps.bundle",
			);
			runOnlyForDeploymentPostprocessing = 0;
			shellPath = /bin/sh;
			shellScript = "\"${SRCROOT}/Pods/Target Support Files/Pods-Gotur/Pods-Gotur-resources.sh\"\n";
			showEnvVarsInLog = 0;
		};
		B9C49FB2E7874CA6477BB1A1 /* [CP] Embed Pods Frameworks */ = {
			isa = PBXShellScriptBuildPhase;
			buildActionMask = 2147483647;
			files = (
			);
			inputPaths = (
				"${SRCROOT}/Pods/Target Support Files/Pods-Gotur/Pods-Gotur-frameworks.sh",
				"${BUILT_PRODUCTS_DIR}/Alamofire/Alamofire.framework",
				"${BUILT_PRODUCTS_DIR}/SwiftyJSON/SwiftyJSON.framework",
			);
			name = "[CP] Embed Pods Frameworks";
			outputPaths = (
				"${TARGET_BUILD_DIR}/${FRAMEWORKS_FOLDER_PATH}/Alamofire.framework",
				"${TARGET_BUILD_DIR}/${FRAMEWORKS_FOLDER_PATH}/SwiftyJSON.framework",
			);
			runOnlyForDeploymentPostprocessing = 0;
			shellPath = /bin/sh;
			shellScript = "\"${SRCROOT}/Pods/Target Support Files/Pods-Gotur/Pods-Gotur-frameworks.sh\"\n";
			showEnvVarsInLog = 0;
		};
		D6ECE10FD1BA0F46A7B33A80 /* [CP] Copy Pods Resources */ = {
			isa = PBXShellScriptBuildPhase;
			buildActionMask = 2147483647;
			files = (
			);
			inputPaths = (
			);
			name = "[CP] Copy Pods Resources";
			outputPaths = (
			);
			runOnlyForDeploymentPostprocessing = 0;
			shellPath = /bin/sh;
			shellScript = "\"${SRCROOT}/Pods/Target Support Files/Pods-GoturTests/Pods-GoturTests-resources.sh\"\n";
			showEnvVarsInLog = 0;
		};
		E7A221654A872FC0A31FC8A4 /* [CP] Check Pods Manifest.lock */ = {
			isa = PBXShellScriptBuildPhase;
			buildActionMask = 2147483647;
			files = (
			);
			inputPaths = (
				"${PODS_PODFILE_DIR_PATH}/Podfile.lock",
				"${PODS_ROOT}/Manifest.lock",
			);
			name = "[CP] Check Pods Manifest.lock";
			outputPaths = (
				"$(DERIVED_FILE_DIR)/Pods-GoturTests-checkManifestLockResult.txt",
			);
			runOnlyForDeploymentPostprocessing = 0;
			shellPath = /bin/sh;
			shellScript = "diff \"${PODS_PODFILE_DIR_PATH}/Podfile.lock\" \"${PODS_ROOT}/Manifest.lock\" > /dev/null\nif [ $? != 0 ] ; then\n    # print error to STDERR\n    echo \"error: The sandbox is not in sync with the Podfile.lock. Run 'pod install' or update your CocoaPods installation.\" >&2\n    exit 1\nfi\n# This output is used by Xcode 'outputs' to avoid re-running this script phase.\necho \"SUCCESS\" > \"${SCRIPT_OUTPUT_FILE_0}\"\n";
			showEnvVarsInLog = 0;
		};
/* End PBXShellScriptBuildPhase section */

/* Begin PBXSourcesBuildPhase section */
		EC015124203766D8003025CF /* Sources */ = {
			isa = PBXSourcesBuildPhase;
			buildActionMask = 2147483647;
			files = (
				6875FEA3203770E2001706D6 /* EntranceVC.swift in Sources */,
				EC01512C203766D8003025CF /* AppDelegate.swift in Sources */,
				6875FEA82037760F001706D6 /* BaseButton.swift in Sources */,
				6875FEA120376CDB001706D6 /* MessengerVC.swift in Sources */,
				EC01516420377795003025CF /* UserPacketsVC.swift in Sources */,
				EC015160203766FF003025CF /* ViewHelper.swift in Sources */,
				EC015134203766D8003025CF /* Gotur.xcdatamodeld in Sources */,
				EC015161203766FF003025CF /* BaseVC.swift in Sources */,
			);
			runOnlyForDeploymentPostprocessing = 0;
		};
		EC01513B203766D8003025CF /* Sources */ = {
			isa = PBXSourcesBuildPhase;
			buildActionMask = 2147483647;
			files = (
				EC015144203766D8003025CF /* GoturTests.swift in Sources */,
			);
			runOnlyForDeploymentPostprocessing = 0;
		};
		EC015146203766D8003025CF /* Sources */ = {
			isa = PBXSourcesBuildPhase;
			buildActionMask = 2147483647;
			files = (
				EC01514F203766D8003025CF /* GoturUITests.swift in Sources */,
			);
			runOnlyForDeploymentPostprocessing = 0;
		};
/* End PBXSourcesBuildPhase section */

/* Begin PBXTargetDependency section */
		EC015141203766D8003025CF /* PBXTargetDependency */ = {
			isa = PBXTargetDependency;
			target = EC015127203766D8003025CF /* Gotur */;
			targetProxy = EC015140203766D8003025CF /* PBXContainerItemProxy */;
		};
		EC01514C203766D8003025CF /* PBXTargetDependency */ = {
			isa = PBXTargetDependency;
			target = EC015127203766D8003025CF /* Gotur */;
			targetProxy = EC01514B203766D8003025CF /* PBXContainerItemProxy */;
		};
/* End PBXTargetDependency section */

/* Begin PBXVariantGroup section */
		EC01512F203766D8003025CF /* Main.storyboard */ = {
			isa = PBXVariantGroup;
			children = (
				EC015130203766D8003025CF /* Base */,
			);
			name = Main.storyboard;
			sourceTree = "<group>";
		};
		EC015137203766D8003025CF /* LaunchScreen.storyboard */ = {
			isa = PBXVariantGroup;
			children = (
				EC015138203766D8003025CF /* Base */,
			);
			name = LaunchScreen.storyboard;
			sourceTree = "<group>";
		};
/* End PBXVariantGroup section */

/* Begin XCBuildConfiguration section */
		EC015151203766D8003025CF /* Debug */ = {
			isa = XCBuildConfiguration;
			buildSettings = {
				ALWAYS_SEARCH_USER_PATHS = NO;
				CLANG_ANALYZER_NONNULL = YES;
				CLANG_ANALYZER_NUMBER_OBJECT_CONVERSION = YES_AGGRESSIVE;
				CLANG_CXX_LANGUAGE_STANDARD = "gnu++0x";
				CLANG_CXX_LIBRARY = "libc++";
				CLANG_ENABLE_MODULES = YES;
				CLANG_ENABLE_OBJC_ARC = YES;
				CLANG_WARN_BLOCK_CAPTURE_AUTORELEASING = YES;
				CLANG_WARN_BOOL_CONVERSION = YES;
				CLANG_WARN_COMMA = YES;
				CLANG_WARN_CONSTANT_CONVERSION = YES;
				CLANG_WARN_DIRECT_OBJC_ISA_USAGE = YES_ERROR;
				CLANG_WARN_DOCUMENTATION_COMMENTS = YES;
				CLANG_WARN_EMPTY_BODY = YES;
				CLANG_WARN_ENUM_CONVERSION = YES;
				CLANG_WARN_INFINITE_RECURSION = YES;
				CLANG_WARN_INT_CONVERSION = YES;
				CLANG_WARN_NON_LITERAL_NULL_CONVERSION = YES;
				CLANG_WARN_OBJC_LITERAL_CONVERSION = YES;
				CLANG_WARN_OBJC_ROOT_CLASS = YES_ERROR;
				CLANG_WARN_RANGE_LOOP_ANALYSIS = YES;
				CLANG_WARN_STRICT_PROTOTYPES = YES;
				CLANG_WARN_SUSPICIOUS_MOVE = YES;
				CLANG_WARN_UNREACHABLE_CODE = YES;
				CLANG_WARN__DUPLICATE_METHOD_MATCH = YES;
				"CODE_SIGN_IDENTITY[sdk=iphoneos*]" = "iPhone Developer";
				COPY_PHASE_STRIP = NO;
				DEBUG_INFORMATION_FORMAT = dwarf;
				ENABLE_STRICT_OBJC_MSGSEND = YES;
				ENABLE_TESTABILITY = YES;
				GCC_C_LANGUAGE_STANDARD = gnu99;
				GCC_DYNAMIC_NO_PIC = NO;
				GCC_NO_COMMON_BLOCKS = YES;
				GCC_OPTIMIZATION_LEVEL = 0;
				GCC_PREPROCESSOR_DEFINITIONS = (
					"DEBUG=1",
					"$(inherited)",
				);
				GCC_WARN_64_TO_32_BIT_CONVERSION = YES;
				GCC_WARN_ABOUT_RETURN_TYPE = YES_ERROR;
				GCC_WARN_UNDECLARED_SELECTOR = YES;
				GCC_WARN_UNINITIALIZED_AUTOS = YES_AGGRESSIVE;
				GCC_WARN_UNUSED_FUNCTION = YES;
				GCC_WARN_UNUSED_VARIABLE = YES;
				IPHONEOS_DEPLOYMENT_TARGET = 10.3;
				MTL_ENABLE_DEBUG_INFO = YES;
				ONLY_ACTIVE_ARCH = YES;
				SDKROOT = iphoneos;
				SWIFT_ACTIVE_COMPILATION_CONDITIONS = DEBUG;
				SWIFT_OPTIMIZATION_LEVEL = "-Onone";
			};
			name = Debug;
		};
		EC015152203766D8003025CF /* Release */ = {
			isa = XCBuildConfiguration;
			buildSettings = {
				ALWAYS_SEARCH_USER_PATHS = NO;
				CLANG_ANALYZER_NONNULL = YES;
				CLANG_ANALYZER_NUMBER_OBJECT_CONVERSION = YES_AGGRESSIVE;
				CLANG_CXX_LANGUAGE_STANDARD = "gnu++0x";
				CLANG_CXX_LIBRARY = "libc++";
				CLANG_ENABLE_MODULES = YES;
				CLANG_ENABLE_OBJC_ARC = YES;
				CLANG_WARN_BLOCK_CAPTURE_AUTORELEASING = YES;
				CLANG_WARN_BOOL_CONVERSION = YES;
				CLANG_WARN_COMMA = YES;
				CLANG_WARN_CONSTANT_CONVERSION = YES;
				CLANG_WARN_DIRECT_OBJC_ISA_USAGE = YES_ERROR;
				CLANG_WARN_DOCUMENTATION_COMMENTS = YES;
				CLANG_WARN_EMPTY_BODY = YES;
				CLANG_WARN_ENUM_CONVERSION = YES;
				CLANG_WARN_INFINITE_RECURSION = YES;
				CLANG_WARN_INT_CONVERSION = YES;
				CLANG_WARN_NON_LITERAL_NULL_CONVERSION = YES;
				CLANG_WARN_OBJC_LITERAL_CONVERSION = YES;
				CLANG_WARN_OBJC_ROOT_CLASS = YES_ERROR;
				CLANG_WARN_RANGE_LOOP_ANALYSIS = YES;
				CLANG_WARN_STRICT_PROTOTYPES = YES;
				CLANG_WARN_SUSPICIOUS_MOVE = YES;
				CLANG_WARN_UNREACHABLE_CODE = YES;
				CLANG_WARN__DUPLICATE_METHOD_MATCH = YES;
				"CODE_SIGN_IDENTITY[sdk=iphoneos*]" = "iPhone Developer";
				COPY_PHASE_STRIP = NO;
				DEBUG_INFORMATION_FORMAT = "dwarf-with-dsym";
				ENABLE_NS_ASSERTIONS = NO;
				ENABLE_STRICT_OBJC_MSGSEND = YES;
				GCC_C_LANGUAGE_STANDARD = gnu99;
				GCC_NO_COMMON_BLOCKS = YES;
				GCC_WARN_64_TO_32_BIT_CONVERSION = YES;
				GCC_WARN_ABOUT_RETURN_TYPE = YES_ERROR;
				GCC_WARN_UNDECLARED_SELECTOR = YES;
				GCC_WARN_UNINITIALIZED_AUTOS = YES_AGGRESSIVE;
				GCC_WARN_UNUSED_FUNCTION = YES;
				GCC_WARN_UNUSED_VARIABLE = YES;
				IPHONEOS_DEPLOYMENT_TARGET = 10.3;
				MTL_ENABLE_DEBUG_INFO = NO;
				SDKROOT = iphoneos;
				SWIFT_OPTIMIZATION_LEVEL = "-Owholemodule";
				VALIDATE_PRODUCT = YES;
			};
			name = Release;
		};
		EC015154203766D8003025CF /* Debug */ = {
			isa = XCBuildConfiguration;
			baseConfigurationReference = 7A9124AC26E81AB9A561EF28 /* Pods-Gotur.debug.xcconfig */;
			buildSettings = {
				ASSETCATALOG_COMPILER_APPICON_NAME = AppIcon;
				DEVELOPMENT_TEAM = V6KFG398S6;
				INFOPLIST_FILE = Gotur/Info.plist;
				LD_RUNPATH_SEARCH_PATHS = "$(inherited) @executable_path/Frameworks";
				PRODUCT_BUNDLE_IDENTIFIER = "com.DDosJS-Attack.Gotur";
				PRODUCT_NAME = "$(TARGET_NAME)";
				SWIFT_VERSION = 3.0;
			};
			name = Debug;
		};
		EC015155203766D8003025CF /* Release */ = {
			isa = XCBuildConfiguration;
			baseConfigurationReference = D55F4E0BEDA76EF3C053F880 /* Pods-Gotur.release.xcconfig */;
			buildSettings = {
				ASSETCATALOG_COMPILER_APPICON_NAME = AppIcon;
				DEVELOPMENT_TEAM = V6KFG398S6;
				INFOPLIST_FILE = Gotur/Info.plist;
				LD_RUNPATH_SEARCH_PATHS = "$(inherited) @executable_path/Frameworks";
				PRODUCT_BUNDLE_IDENTIFIER = "com.DDosJS-Attack.Gotur";
				PRODUCT_NAME = "$(TARGET_NAME)";
				SWIFT_VERSION = 3.0;
			};
			name = Release;
		};
		EC015157203766D8003025CF /* Debug */ = {
			isa = XCBuildConfiguration;
			baseConfigurationReference = 70B98C94183924CB296A4D91 /* Pods-GoturTests.debug.xcconfig */;
			buildSettings = {
				ALWAYS_EMBED_SWIFT_STANDARD_LIBRARIES = YES;
				BUNDLE_LOADER = "$(TEST_HOST)";
				DEVELOPMENT_TEAM = V6KFG398S6;
				INFOPLIST_FILE = GoturTests/Info.plist;
				LD_RUNPATH_SEARCH_PATHS = "$(inherited) @executable_path/Frameworks @loader_path/Frameworks";
				PRODUCT_BUNDLE_IDENTIFIER = "com.DDosJS-Attack.GoturTests";
				PRODUCT_NAME = "$(TARGET_NAME)";
				SWIFT_VERSION = 3.0;
				TEST_HOST = "$(BUILT_PRODUCTS_DIR)/Gotur.app/Gotur";
			};
			name = Debug;
		};
		EC015158203766D8003025CF /* Release */ = {
			isa = XCBuildConfiguration;
			baseConfigurationReference = 5553430FB71397977C7D49ED /* Pods-GoturTests.release.xcconfig */;
			buildSettings = {
				ALWAYS_EMBED_SWIFT_STANDARD_LIBRARIES = YES;
				BUNDLE_LOADER = "$(TEST_HOST)";
				DEVELOPMENT_TEAM = V6KFG398S6;
				INFOPLIST_FILE = GoturTests/Info.plist;
				LD_RUNPATH_SEARCH_PATHS = "$(inherited) @executable_path/Frameworks @loader_path/Frameworks";
				PRODUCT_BUNDLE_IDENTIFIER = "com.DDosJS-Attack.GoturTests";
				PRODUCT_NAME = "$(TARGET_NAME)";
				SWIFT_VERSION = 3.0;
				TEST_HOST = "$(BUILT_PRODUCTS_DIR)/Gotur.app/Gotur";
			};
			name = Release;
		};
		EC01515A203766D8003025CF /* Debug */ = {
			isa = XCBuildConfiguration;
			baseConfigurationReference = CB8DF95A950EBD837F6229D2 /* Pods-GoturUITests.debug.xcconfig */;
			buildSettings = {
				ALWAYS_EMBED_SWIFT_STANDARD_LIBRARIES = YES;
				DEVELOPMENT_TEAM = V6KFG398S6;
				INFOPLIST_FILE = GoturUITests/Info.plist;
				LD_RUNPATH_SEARCH_PATHS = "$(inherited) @executable_path/Frameworks @loader_path/Frameworks";
				PRODUCT_BUNDLE_IDENTIFIER = "com.DDosJS-Attack.GoturUITests";
				PRODUCT_NAME = "$(TARGET_NAME)";
				SWIFT_VERSION = 3.0;
				TEST_TARGET_NAME = Gotur;
			};
			name = Debug;
		};
		EC01515B203766D8003025CF /* Release */ = {
			isa = XCBuildConfiguration;
			baseConfigurationReference = 97F47CBF5D3489511506C003 /* Pods-GoturUITests.release.xcconfig */;
			buildSettings = {
				ALWAYS_EMBED_SWIFT_STANDARD_LIBRARIES = YES;
				DEVELOPMENT_TEAM = V6KFG398S6;
				INFOPLIST_FILE = GoturUITests/Info.plist;
				LD_RUNPATH_SEARCH_PATHS = "$(inherited) @executable_path/Frameworks @loader_path/Frameworks";
				PRODUCT_BUNDLE_IDENTIFIER = "com.DDosJS-Attack.GoturUITests";
				PRODUCT_NAME = "$(TARGET_NAME)";
				SWIFT_VERSION = 3.0;
				TEST_TARGET_NAME = Gotur;
			};
			name = Release;
		};
/* End XCBuildConfiguration section */

/* Begin XCConfigurationList section */
		EC015123203766D8003025CF /* Build configuration list for PBXProject "Gotur" */ = {
			isa = XCConfigurationList;
			buildConfigurations = (
				EC015151203766D8003025CF /* Debug */,
				EC015152203766D8003025CF /* Release */,
			);
			defaultConfigurationIsVisible = 0;
			defaultConfigurationName = Release;
		};
		EC015153203766D8003025CF /* Build configuration list for PBXNativeTarget "Gotur" */ = {
			isa = XCConfigurationList;
			buildConfigurations = (
				EC015154203766D8003025CF /* Debug */,
				EC015155203766D8003025CF /* Release */,
			);
			defaultConfigurationIsVisible = 0;
			defaultConfigurationName = Release;
		};
		EC015156203766D8003025CF /* Build configuration list for PBXNativeTarget "GoturTests" */ = {
			isa = XCConfigurationList;
			buildConfigurations = (
				EC015157203766D8003025CF /* Debug */,
				EC015158203766D8003025CF /* Release */,
			);
			defaultConfigurationIsVisible = 0;
			defaultConfigurationName = Release;
		};
		EC015159203766D8003025CF /* Build configuration list for PBXNativeTarget "GoturUITests" */ = {
			isa = XCConfigurationList;
			buildConfigurations = (
				EC01515A203766D8003025CF /* Debug */,
				EC01515B203766D8003025CF /* Release */,
			);
			defaultConfigurationIsVisible = 0;
			defaultConfigurationName = Release;
		};
/* End XCConfigurationList section */

/* Begin XCVersionGroup section */
		EC015132203766D8003025CF /* Gotur.xcdatamodeld */ = {
			isa = XCVersionGroup;
			children = (
				EC015133203766D8003025CF /* Gotur.xcdatamodel */,
			);
			currentVersion = EC015133203766D8003025CF /* Gotur.xcdatamodel */;
			path = Gotur.xcdatamodeld;
			sourceTree = "<group>";
			versionGroupType = wrapper.xcdatamodel;
		};
/* End XCVersionGroup section */
	};
	rootObject = EC015120203766D8003025CF /* Project object */;
}
